
Microsoft Visual Studio Solution File, Format Version 12.00
# Visual Studio Version 16
VisualStudioVersion = 16.0.33927.289
MinimumVisualStudioVersion = 10.0.40219.1
Project("{2150E333-8FDC-42A3-9474-1A3956D46DE8}") = "Task0", "Task0", "{BE7BE4F6-EF84-4DA6-8627-11B5824B91F3}"
EndProject
Project("{FAE04EC0-301F-11D3-BF4B-00C04F79EFBC}") = "Tyuiu.KomanichRM.Sprint5.Task0.V4", "Tyuiu.KomanichRM.Sprint5.Task0.V4\Tyuiu.KomanichRM.Sprint5.Task0.V4.csproj", "{6EA1B0B2-725C-4847-B958-AEA0858ADE20}"
EndProject
Project("{FAE04EC0-301F-11D3-BF4B-00C04F79EFBC}") = "Tyuiu.KomanichRM.Sprint5.Task0.V4.Lib", "Tyuiu.KomanichRM.Sprint5.Task0.V4.Lib\Tyuiu.KomanichRM.Sprint5.Task0.V4.Lib.csproj", "{10B75AEC-C8D1-49FD-B9BF-01A8E44DDA7C}"
EndProject
Project("{FAE04EC0-301F-11D3-BF4B-00C04F79EFBC}") = "Tyuiu.KomanichRM.Sprint5.Task0.V4.Test", "Tyuiu.KomanichRM.Sprint5.Task0.V4.Test\Tyuiu.KomanichRM.Sprint5.Task0.V4.Test.csproj", "{D75902C4-F89B-445A-8CCD-AB06E2ACC51F}"
EndProject
Project("{2150E333-8FDC-42A3-9474-1A3956D46DE8}") = "Task1", "Task1", "{3964463A-A9D9-4D98-9D1C-5059E1D32D46}"
EndProject
Project("{FAE04EC0-301F-11D3-BF4B-00C04F79EFBC}") = "Tyuiu.KomanichRM.Sprint5.Task1.V28", "Tyuiu.KomanichRM.Sprint5.Task1.V28\Tyuiu.KomanichRM.Sprint5.Task1.V28.csproj", "{EEDEAC18-8C07-4E97-AF3A-DDE2A40C4A20}"
EndProject
Project("{FAE04EC0-301F-11D3-BF4B-00C04F79EFBC}") = "Tyuiu.KomanichRM.Sprint5.Task1.V28.Lib", "Tyuiu.KomanichRM.Sprint5.Task1.V28.Lib\Tyuiu.KomanichRM.Sprint5.Task1.V28.Lib.csproj", "{75AEA46C-EE51-49F8-A285-B4F3DD7B387D}"
EndProject
Project("{FAE04EC0-301F-11D3-BF4B-00C04F79EFBC}") = "Tyuiu.KomanichRM.Sprint5.Task1.V28.Test", "Tyuiu.KomanichRM.Sprint5.Task1.V28.Test\Tyuiu.KomanichRM.Sprint5.Task1.V28.Test.csproj", "{FCC019C8-5642-43AB-B527-462EE470CB92}"
EndProject
Project("{2150E333-8FDC-42A3-9474-1A3956D46DE8}") = "Task2", "Task2", "{64858666-80DD-446C-BF88-DD257B012BFE}"
EndProject
Project("{FAE04EC0-301F-11D3-BF4B-00C04F79EFBC}") = "Tyuiu.KomanichRM.Sprint5.Task2.V17", "Tyuiu.KomanichRM.Sprint5.Task2.V17\Tyuiu.KomanichRM.Sprint5.Task2.V17.csproj", "{F464D751-B5B7-4BA5-A59D-CCC07FCEC7E9}"
EndProject
Project("{FAE04EC0-301F-11D3-BF4B-00C04F79EFBC}") = "Tyuiu.KomanichRM.Sprint5.Task2.V17.Lib", "Tyuiu.KomanichRM.Sprint5.Task2.V17.Lib\Tyuiu.KomanichRM.Sprint5.Task2.V17.Lib.csproj", "{9E58A2BA-7B03-4526-8A3F-F4A947A2DE48}"
EndProject
Project("{FAE04EC0-301F-11D3-BF4B-00C04F79EFBC}") = "Tyuiu.KomanichRM.Sprint5.Task2.V17.Test", "Tyuiu.KomanichRM.Sprint5.Task2.V17.Test\Tyuiu.KomanichRM.Sprint5.Task2.V17.Test.csproj", "{D13C7302-4F19-4D21-843D-9CE10DB8D589}"
EndProject
Project("{2150E333-8FDC-42A3-9474-1A3956D46DE8}") = "Task3", "Task3", "{33AEFD1A-1F3E-49EF-AAD0-D91407999348}"
EndProject
Project("{FAE04EC0-301F-11D3-BF4B-00C04F79EFBC}") = "Tyuiu.KomanichRM.Sprint5.Task3.V17", "Tyuiu.KomanichRM.Sprint5.Task3.V17\Tyuiu.KomanichRM.Sprint5.Task3.V17.csproj", "{976F435F-1473-4DC8-ABD8-EDDB006E4C09}"
EndProject
Project("{FAE04EC0-301F-11D3-BF4B-00C04F79EFBC}") = "Tyuiu.KomanichRM.Sprint5.Task3.V17.Lib", "Tyuiu.KomanichRM.Sprint5.Task3.V17.Lib\Tyuiu.KomanichRM.Sprint5.Task3.V17.Lib.csproj", "{EE5FB13D-A908-495E-AC55-15A5B0B44323}"
EndProject
Project("{FAE04EC0-301F-11D3-BF4B-00C04F79EFBC}") = "Tyuiu.KomanichRM.Sprint5.Task3.V17.Test", "Tyuiu.KomanichRM.Sprint5.Task3.V17.Test\Tyuiu.KomanichRM.Sprint5.Task3.V17.Test.csproj", "{D5640BC9-EE1F-4274-B81D-9F2BBA828B1D}"
EndProject
Project("{2150E333-8FDC-42A3-9474-1A3956D46DE8}") = "Task4", "Task4", "{C4EED12A-A1B5-4F8C-893A-782696B70B79}"
EndProject
Project("{FAE04EC0-301F-11D3-BF4B-00C04F79EFBC}") = "Tyuiu.KomanichRM.Sprint5.Task4.V14", "Tyuiu.KomanichRM.Sprint5.Task4.V14\Tyuiu.KomanichRM.Sprint5.Task4.V14.csproj", "{0FB2C011-4189-4E84-A11D-1B707633148C}"
EndProject
Project("{FAE04EC0-301F-11D3-BF4B-00C04F79EFBC}") = "Tyuiu.KomanichRM.Sprint5.Task4.V14.Test", "Tyuiu.KomanichRM.Sprint5.Task4.V14.Test\Tyuiu.KomanichRM.Sprint5.Task4.V14.Test.csproj", "{691B5E37-910E-4EA9-B772-54873B7DB80C}"
EndProject
Project("{FAE04EC0-301F-11D3-BF4B-00C04F79EFBC}") = "Tyuiu.KomanichRM.Sprint5.Task4.V14.Lib", "Tyuiu.KomanichRM.Sprint5.Task4.V14.Lib\Tyuiu.KomanichRM.Sprint5.Task4.V14.Lib.csproj", "{D9B7106B-9E67-4E85-81C4-4A744BA4655A}"
EndProject
Project("{2150E333-8FDC-42A3-9474-1A3956D46DE8}") = "Task5", "Task5", "{AE5B55F3-2CA8-4CBA-96FA-FD5216B64744}"
EndProject
Project("{FAE04EC0-301F-11D3-BF4B-00C04F79EFBC}") = "Tyuiu.KomanichRM.Sprint5.Task5.V3", "Tyuiu.KomanichRM.Sprint5.Task5.V3\Tyuiu.KomanichRM.Sprint5.Task5.V3.csproj", "{F88F7BB4-1EFE-4695-BA41-83575806B27E}"
EndProject
Project("{FAE04EC0-301F-11D3-BF4B-00C04F79EFBC}") = "Tyuiu.KomanichRM.Sprint5.Task5.V3.Lib", "Tyuiu.KomanichRM.Sprint5.Task5.V3.Lib\Tyuiu.KomanichRM.Sprint5.Task5.V3.Lib.csproj", "{BB8EBCDE-05A9-4531-B41C-750352A3F4AC}"
EndProject
Project("{FAE04EC0-301F-11D3-BF4B-00C04F79EFBC}") = "Tyuiu.KomanichRM.Sprint5.Task5.V3.Test", "Tyuiu.KomanichRM.Sprint5.Task5.V3.Test\Tyuiu.KomanichRM.Sprint5.Task5.V3.Test.csproj", "{328666D2-39AB-4216-82A1-4687C2849C40}"
EndProject
Project("{2150E333-8FDC-42A3-9474-1A3956D46DE8}") = "Task6", "Task6", "{33686722-AE70-450F-9A71-2012D8D3C33F}"
EndProject
Project("{FAE04EC0-301F-11D3-BF4B-00C04F79EFBC}") = "Tyuiu.KomanichRM.Sprint5.Task6.V19", "Tyuiu.KomanichRM.Sprint5.Task6.V19\Tyuiu.KomanichRM.Sprint5.Task6.V19.csproj", "{E8A113A7-0EF6-4A28-83F0-9582BF1B2AB7}"
EndProject
Project("{FAE04EC0-301F-11D3-BF4B-00C04F79EFBC}") = "Tyuiu.KomanichRM.Sprint5.Task6.V19.Lib", "Tyuiu.KomanichRM.Sprint5.Task6.V19.Lib\Tyuiu.KomanichRM.Sprint5.Task6.V19.Lib.csproj", "{A194CB71-0E30-411C-930A-090D4F44AC61}"
EndProject
Project("{FAE04EC0-301F-11D3-BF4B-00C04F79EFBC}") = "Tyuiu.KomanichRM.Sprint5.Task6.V19.Test", "Tyuiu.KomanichRM.Sprint5.Task6.V19.Test\Tyuiu.KomanichRM.Sprint5.Task6.V19.Test.csproj", "{F340A98D-1F1F-4429-96EF-D7DE414F8982}"
EndProject
Project("{2150E333-8FDC-42A3-9474-1A3956D46DE8}") = "Task7", "Task7", "{D70ED9AC-845A-4E4E-80E6-D09A6858B0EA}"
EndProject
Project("{FAE04EC0-301F-11D3-BF4B-00C04F79EFBC}") = "Tyuiu.KomanichRM.Sprint5.Task7.V9", "Tyuiu.KomanichRM.Sprint5.Task7.V9\Tyuiu.KomanichRM.Sprint5.Task7.V9.csproj", "{456BBB50-3106-4B0F-A579-DC40D0DADD7A}"
EndProject
Project("{FAE04EC0-301F-11D3-BF4B-00C04F79EFBC}") = "Tyuiu.KomanichRM.Sprint5.Task7.V9.Lib", "Tyuiu.KomanichRM.Sprint5.Task7.V9.Lib\Tyuiu.KomanichRM.Sprint5.Task7.V9.Lib.csproj", "{9209BF0E-E853-419C-9831-8ED332D7D067}"
EndProject
Project("{FAE04EC0-301F-11D3-BF4B-00C04F79EFBC}") = "Tyuiu.KomanichRM.Sprint5.Task7.V9.Test", "Tyuiu.KomanichRM.Sprint5.Task7.V9.Test\Tyuiu.KomanichRM.Sprint5.Task7.V9.Test.csproj", "{87D47D52-569A-4A60-AF7B-6F55F83B990C}"
EndProject
Global
	GlobalSection(SolutionConfigurationPlatforms) = preSolution
		Debug|Any CPU = Debug|Any CPU
		Release|Any CPU = Release|Any CPU
	EndGlobalSection
	GlobalSection(ProjectConfigurationPlatforms) = postSolution
		{6EA1B0B2-725C-4847-B958-AEA0858ADE20}.Debug|Any CPU.ActiveCfg = Debug|Any CPU
		{6EA1B0B2-725C-4847-B958-AEA0858ADE20}.Debug|Any CPU.Build.0 = Debug|Any CPU
		{6EA1B0B2-725C-4847-B958-AEA0858ADE20}.Release|Any CPU.ActiveCfg = Release|Any CPU
		{6EA1B0B2-725C-4847-B958-AEA0858ADE20}.Release|Any CPU.Build.0 = Release|Any CPU
		{10B75AEC-C8D1-49FD-B9BF-01A8E44DDA7C}.Debug|Any CPU.ActiveCfg = Debug|Any CPU
		{10B75AEC-C8D1-49FD-B9BF-01A8E44DDA7C}.Debug|Any CPU.Build.0 = Debug|Any CPU
		{10B75AEC-C8D1-49FD-B9BF-01A8E44DDA7C}.Release|Any CPU.ActiveCfg = Release|Any CPU
		{10B75AEC-C8D1-49FD-B9BF-01A8E44DDA7C}.Release|Any CPU.Build.0 = Release|Any CPU
		{D75902C4-F89B-445A-8CCD-AB06E2ACC51F}.Debug|Any CPU.ActiveCfg = Debug|Any CPU
		{D75902C4-F89B-445A-8CCD-AB06E2ACC51F}.Debug|Any CPU.Build.0 = Debug|Any CPU
		{D75902C4-F89B-445A-8CCD-AB06E2ACC51F}.Release|Any CPU.ActiveCfg = Release|Any CPU
		{D75902C4-F89B-445A-8CCD-AB06E2ACC51F}.Release|Any CPU.Build.0 = Release|Any CPU
		{EEDEAC18-8C07-4E97-AF3A-DDE2A40C4A20}.Debug|Any CPU.ActiveCfg = Debug|Any CPU
		{EEDEAC18-8C07-4E97-AF3A-DDE2A40C4A20}.Debug|Any CPU.Build.0 = Debug|Any CPU
		{EEDEAC18-8C07-4E97-AF3A-DDE2A40C4A20}.Release|Any CPU.ActiveCfg = Release|Any CPU
		{EEDEAC18-8C07-4E97-AF3A-DDE2A40C4A20}.Release|Any CPU.Build.0 = Release|Any CPU
		{75AEA46C-EE51-49F8-A285-B4F3DD7B387D}.Debug|Any CPU.ActiveCfg = Debug|Any CPU
		{75AEA46C-EE51-49F8-A285-B4F3DD7B387D}.Debug|Any CPU.Build.0 = Debug|Any CPU
		{75AEA46C-EE51-49F8-A285-B4F3DD7B387D}.Release|Any CPU.ActiveCfg = Release|Any CPU
		{75AEA46C-EE51-49F8-A285-B4F3DD7B387D}.Release|Any CPU.Build.0 = Release|Any CPU
		{FCC019C8-5642-43AB-B527-462EE470CB92}.Debug|Any CPU.ActiveCfg = Debug|Any CPU
		{FCC019C8-5642-43AB-B527-462EE470CB92}.Debug|Any CPU.Build.0 = Debug|Any CPU
		{FCC019C8-5642-43AB-B527-462EE470CB92}.Release|Any CPU.ActiveCfg = Release|Any CPU
		{FCC019C8-5642-43AB-B527-462EE470CB92}.Release|Any CPU.Build.0 = Release|Any CPU
		{F464D751-B5B7-4BA5-A59D-CCC07FCEC7E9}.Debug|Any CPU.ActiveCfg = Debug|Any CPU
		{F464D751-B5B7-4BA5-A59D-CCC07FCEC7E9}.Debug|Any CPU.Build.0 = Debug|Any CPU
		{F464D751-B5B7-4BA5-A59D-CCC07FCEC7E9}.Release|Any CPU.ActiveCfg = Release|Any CPU
		{F464D751-B5B7-4BA5-A59D-CCC07FCEC7E9}.Release|Any CPU.Build.0 = Release|Any CPU
		{9E58A2BA-7B03-4526-8A3F-F4A947A2DE48}.Debug|Any CPU.ActiveCfg = Debug|Any CPU
		{9E58A2BA-7B03-4526-8A3F-F4A947A2DE48}.Debug|Any CPU.Build.0 = Debug|Any CPU
		{9E58A2BA-7B03-4526-8A3F-F4A947A2DE48}.Release|Any CPU.ActiveCfg = Release|Any CPU
		{9E58A2BA-7B03-4526-8A3F-F4A947A2DE48}.Release|Any CPU.Build.0 = Release|Any CPU
		{D13C7302-4F19-4D21-843D-9CE10DB8D589}.Debug|Any CPU.ActiveCfg = Debug|Any CPU
		{D13C7302-4F19-4D21-843D-9CE10DB8D589}.Debug|Any CPU.Build.0 = Debug|Any CPU
		{D13C7302-4F19-4D21-843D-9CE10DB8D589}.Release|Any CPU.ActiveCfg = Release|Any CPU
		{D13C7302-4F19-4D21-843D-9CE10DB8D589}.Release|Any CPU.Build.0 = Release|Any CPU
		{976F435F-1473-4DC8-ABD8-EDDB006E4C09}.Debug|Any CPU.ActiveCfg = Debug|Any CPU
		{976F435F-1473-4DC8-ABD8-EDDB006E4C09}.Debug|Any CPU.Build.0 = Debug|Any CPU
		{976F435F-1473-4DC8-ABD8-EDDB006E4C09}.Release|Any CPU.ActiveCfg = Release|Any CPU
		{976F435F-1473-4DC8-ABD8-EDDB006E4C09}.Release|Any CPU.Build.0 = Release|Any CPU
		{EE5FB13D-A908-495E-AC55-15A5B0B44323}.Debug|Any CPU.ActiveCfg = Debug|Any CPU
		{EE5FB13D-A908-495E-AC55-15A5B0B44323}.Debug|Any CPU.Build.0 = Debug|Any CPU
		{EE5FB13D-A908-495E-AC55-15A5B0B44323}.Release|Any CPU.ActiveCfg = Release|Any CPU
		{EE5FB13D-A908-495E-AC55-15A5B0B44323}.Release|Any CPU.Build.0 = Release|Any CPU
		{D5640BC9-EE1F-4274-B81D-9F2BBA828B1D}.Debug|Any CPU.ActiveCfg = Debug|Any CPU
		{D5640BC9-EE1F-4274-B81D-9F2BBA828B1D}.Debug|Any CPU.Build.0 = Debug|Any CPU
		{D5640BC9-EE1F-4274-B81D-9F2BBA828B1D}.Release|Any CPU.ActiveCfg = Release|Any CPU
		{D5640BC9-EE1F-4274-B81D-9F2BBA828B1D}.Release|Any CPU.Build.0 = Release|Any CPU
		{0FB2C011-4189-4E84-A11D-1B707633148C}.Debug|Any CPU.ActiveCfg = Debug|Any CPU
		{0FB2C011-4189-4E84-A11D-1B707633148C}.Debug|Any CPU.Build.0 = Debug|Any CPU
		{0FB2C011-4189-4E84-A11D-1B707633148C}.Release|Any CPU.ActiveCfg = Release|Any CPU
		{0FB2C011-4189-4E84-A11D-1B707633148C}.Release|Any CPU.Build.0 = Release|Any CPU
		{691B5E37-910E-4EA9-B772-54873B7DB80C}.Debug|Any CPU.ActiveCfg = Debug|Any CPU
		{691B5E37-910E-4EA9-B772-54873B7DB80C}.Debug|Any CPU.Build.0 = Debug|Any CPU
		{691B5E37-910E-4EA9-B772-54873B7DB80C}.Release|Any CPU.ActiveCfg = Release|Any CPU
		{691B5E37-910E-4EA9-B772-54873B7DB80C}.Release|Any CPU.Build.0 = Release|Any CPU
		{D9B7106B-9E67-4E85-81C4-4A744BA4655A}.Debug|Any CPU.ActiveCfg = Debug|Any CPU
		{D9B7106B-9E67-4E85-81C4-4A744BA4655A}.Debug|Any CPU.Build.0 = Debug|Any CPU
		{D9B7106B-9E67-4E85-81C4-4A744BA4655A}.Release|Any CPU.ActiveCfg = Release|Any CPU
		{D9B7106B-9E67-4E85-81C4-4A744BA4655A}.Release|Any CPU.Build.0 = Release|Any CPU
		{F88F7BB4-1EFE-4695-BA41-83575806B27E}.Debug|Any CPU.ActiveCfg = Debug|Any CPU
		{F88F7BB4-1EFE-4695-BA41-83575806B27E}.Debug|Any CPU.Build.0 = Debug|Any CPU
		{F88F7BB4-1EFE-4695-BA41-83575806B27E}.Release|Any CPU.ActiveCfg = Release|Any CPU
		{F88F7BB4-1EFE-4695-BA41-83575806B27E}.Release|Any CPU.Build.0 = Release|Any CPU
		{BB8EBCDE-05A9-4531-B41C-750352A3F4AC}.Debug|Any CPU.ActiveCfg = Debug|Any CPU
		{BB8EBCDE-05A9-4531-B41C-750352A3F4AC}.Debug|Any CPU.Build.0 = Debug|Any CPU
		{BB8EBCDE-05A9-4531-B41C-750352A3F4AC}.Release|Any CPU.ActiveCfg = Release|Any CPU
		{BB8EBCDE-05A9-4531-B41C-750352A3F4AC}.Release|Any CPU.Build.0 = Release|Any CPU
		{328666D2-39AB-4216-82A1-4687C2849C40}.Debug|Any CPU.ActiveCfg = Debug|Any CPU
		{328666D2-39AB-4216-82A1-4687C2849C40}.Debug|Any CPU.Build.0 = Debug|Any CPU
		{328666D2-39AB-4216-82A1-4687C2849C40}.Release|Any CPU.ActiveCfg = Release|Any CPU
		{328666D2-39AB-4216-82A1-4687C2849C40}.Release|Any CPU.Build.0 = Release|Any CPU
		{E8A113A7-0EF6-4A28-83F0-9582BF1B2AB7}.Debug|Any CPU.ActiveCfg = Debug|Any CPU
		{E8A113A7-0EF6-4A28-83F0-9582BF1B2AB7}.Debug|Any CPU.Build.0 = Debug|Any CPU
		{E8A113A7-0EF6-4A28-83F0-9582BF1B2AB7}.Release|Any CPU.ActiveCfg = Release|Any CPU
		{E8A113A7-0EF6-4A28-83F0-9582BF1B2AB7}.Release|Any CPU.Build.0 = Release|Any CPU
		{A194CB71-0E30-411C-930A-090D4F44AC61}.Debug|Any CPU.ActiveCfg = Debug|Any CPU
		{A194CB71-0E30-411C-930A-090D4F44AC61}.Debug|Any CPU.Build.0 = Debug|Any CPU
		{A194CB71-0E30-411C-930A-090D4F44AC61}.Release|Any CPU.ActiveCfg = Release|Any CPU
		{A194CB71-0E30-411C-930A-090D4F44AC61}.Release|Any CPU.Build.0 = Release|Any CPU
		{F340A98D-1F1F-4429-96EF-D7DE414F8982}.Debug|Any CPU.ActiveCfg = Debug|Any CPU
		{F340A98D-1F1F-4429-96EF-D7DE414F8982}.Debug|Any CPU.Build.0 = Debug|Any CPU
		{F340A98D-1F1F-4429-96EF-D7DE414F8982}.Release|Any CPU.ActiveCfg = Release|Any CPU
		{F340A98D-1F1F-4429-96EF-D7DE414F8982}.Release|Any CPU.Build.0 = Release|Any CPU
		{456BBB50-3106-4B0F-A579-DC40D0DADD7A}.Debug|Any CPU.ActiveCfg = Debug|Any CPU
		{456BBB50-3106-4B0F-A579-DC40D0DADD7A}.Debug|Any CPU.Build.0 = Debug|Any CPU
		{456BBB50-3106-4B0F-A579-DC40D0DADD7A}.Release|Any CPU.ActiveCfg = Release|Any CPU
		{456BBB50-3106-4B0F-A579-DC40D0DADD7A}.Release|Any CPU.Build.0 = Release|Any CPU
		{9209BF0E-E853-419C-9831-8ED332D7D067}.Debug|Any CPU.ActiveCfg = Debug|Any CPU
		{9209BF0E-E853-419C-9831-8ED332D7D067}.Debug|Any CPU.Build.0 = Debug|Any CPU
		{9209BF0E-E853-419C-9831-8ED332D7D067}.Release|Any CPU.ActiveCfg = Release|Any CPU
		{9209BF0E-E853-419C-9831-8ED332D7D067}.Release|Any CPU.Build.0 = Release|Any CPU
		{87D47D52-569A-4A60-AF7B-6F55F83B990C}.Debug|Any CPU.ActiveCfg = Debug|Any CPU
		{87D47D52-569A-4A60-AF7B-6F55F83B990C}.Debug|Any CPU.Build.0 = Debug|Any CPU
		{87D47D52-569A-4A60-AF7B-6F55F83B990C}.Release|Any CPU.ActiveCfg = Release|Any CPU
		{87D47D52-569A-4A60-AF7B-6F55F83B990C}.Release|Any CPU.Build.0 = Release|Any CPU
	EndGlobalSection
	GlobalSection(SolutionProperties) = preSolution
		HideSolutionNode = FALSE
	EndGlobalSection
	GlobalSection(NestedProjects) = preSolution
		{6EA1B0B2-725C-4847-B958-AEA0858ADE20} = {BE7BE4F6-EF84-4DA6-8627-11B5824B91F3}
		{10B75AEC-C8D1-49FD-B9BF-01A8E44DDA7C} = {BE7BE4F6-EF84-4DA6-8627-11B5824B91F3}
		{D75902C4-F89B-445A-8CCD-AB06E2ACC51F} = {BE7BE4F6-EF84-4DA6-8627-11B5824B91F3}
		{EEDEAC18-8C07-4E97-AF3A-DDE2A40C4A20} = {3964463A-A9D9-4D98-9D1C-5059E1D32D46}
		{75AEA46C-EE51-49F8-A285-B4F3DD7B387D} = {3964463A-A9D9-4D98-9D1C-5059E1D32D46}
		{FCC019C8-5642-43AB-B527-462EE470CB92} = {3964463A-A9D9-4D98-9D1C-5059E1D32D46}
		{F464D751-B5B7-4BA5-A59D-CCC07FCEC7E9} = {64858666-80DD-446C-BF88-DD257B012BFE}
		{9E58A2BA-7B03-4526-8A3F-F4A947A2DE48} = {64858666-80DD-446C-BF88-DD257B012BFE}
		{D13C7302-4F19-4D21-843D-9CE10DB8D589} = {64858666-80DD-446C-BF88-DD257B012BFE}
		{976F435F-1473-4DC8-ABD8-EDDB006E4C09} = {33AEFD1A-1F3E-49EF-AAD0-D91407999348}
		{EE5FB13D-A908-495E-AC55-15A5B0B44323} = {33AEFD1A-1F3E-49EF-AAD0-D91407999348}
		{D5640BC9-EE1F-4274-B81D-9F2BBA828B1D} = {33AEFD1A-1F3E-49EF-AAD0-D91407999348}
		{0FB2C011-4189-4E84-A11D-1B707633148C} = {C4EED12A-A1B5-4F8C-893A-782696B70B79}
		{691B5E37-910E-4EA9-B772-54873B7DB80C} = {C4EED12A-A1B5-4F8C-893A-782696B70B79}
		{D9B7106B-9E67-4E85-81C4-4A744BA4655A} = {C4EED12A-A1B5-4F8C-893A-782696B70B79}
		{F88F7BB4-1EFE-4695-BA41-83575806B27E} = {AE5B55F3-2CA8-4CBA-96FA-FD5216B64744}
		{BB8EBCDE-05A9-4531-B41C-750352A3F4AC} = {AE5B55F3-2CA8-4CBA-96FA-FD5216B64744}
		{328666D2-39AB-4216-82A1-4687C2849C40} = {AE5B55F3-2CA8-4CBA-96FA-FD5216B64744}
		{E8A113A7-0EF6-4A28-83F0-9582BF1B2AB7} = {33686722-AE70-450F-9A71-2012D8D3C33F}
		{A194CB71-0E30-411C-930A-090D4F44AC61} = {33686722-AE70-450F-9A71-2012D8D3C33F}
		{F340A98D-1F1F-4429-96EF-D7DE414F8982} = {33686722-AE70-450F-9A71-2012D8D3C33F}
		{456BBB50-3106-4B0F-A579-DC40D0DADD7A} = {D70ED9AC-845A-4E4E-80E6-D09A6858B0EA}
		{9209BF0E-E853-419C-9831-8ED332D7D067} = {D70ED9AC-845A-4E4E-80E6-D09A6858B0EA}
		{87D47D52-569A-4A60-AF7B-6F55F83B990C} = {D70ED9AC-845A-4E4E-80E6-D09A6858B0EA}
	EndGlobalSection
	GlobalSection(ExtensibilityGlobals) = postSolution
		SolutionGuid = {571FF8C2-572E-4D5C-8093-4E3219FC7FDD}
	EndGlobalSection
EndGlobal
