
Microsoft Visual Studio Solution File, Format Version 12.00
# Visual Studio Version 16
VisualStudioVersion = 16.0.33927.289
MinimumVisualStudioVersion = 10.0.40219.1
Project("{2150E333-8FDC-42A3-9474-1A3956D46DE8}") = "Task0", "Task0", "{BE7BE4F6-EF84-4DA6-8627-11B5824B91F3}"
EndProject
Project("{FAE04EC0-301F-11D3-BF4B-00C04F79EFBC}") = "Tyuiu.KomanichRM.Sprint5.Task0.V4", "Tyuiu.KomanichRM.Sprint5.Task0.V4\Tyuiu.KomanichRM.Sprint5.Task0.V4.csproj", "{6EA1B0B2-725C-4847-B958-AEA0858ADE20}"
EndProject
Project("{FAE04EC0-301F-11D3-BF4B-00C04F79EFBC}") = "Tyuiu.KomanichRM.Sprint5.Task0.V4.Lib", "Tyuiu.KomanichRM.Sprint5.Task0.V4.Lib\Tyuiu.KomanichRM.Sprint5.Task0.V4.Lib.csproj", "{10B75AEC-C8D1-49FD-B9BF-01A8E44DDA7C}"
EndProject
Project("{FAE04EC0-301F-11D3-BF4B-00C04F79EFBC}") = "Tyuiu.KomanichRM.Sprint5.Task0.V4.Test", "Tyuiu.KomanichRM.Sprint5.Task0.V4.Test\Tyuiu.KomanichRM.Sprint5.Task0.V4.Test.csproj", "{D75902C4-F89B-445A-8CCD-AB06E2ACC51F}"
EndProject
Project("{2150E333-8FDC-42A3-9474-1A3956D46DE8}") = "Task1", "Task1", "{3964463A-A9D9-4D98-9D1C-5059E1D32D46}"
EndProject
Project("{FAE04EC0-301F-11D3-BF4B-00C04F79EFBC}") = "Tyuiu.KomanichRM.Sprint5.Task1.V28", "Tyuiu.KomanichRM.Sprint5.Task1.V28\Tyuiu.KomanichRM.Sprint5.Task1.V28.csproj", "{EEDEAC18-8C07-4E97-AF3A-DDE2A40C4A20}"
EndProject
Project("{FAE04EC0-301F-11D3-BF4B-00C04F79EFBC}") = "Tyuiu.KomanichRM.Sprint5.Task1.V28.Lib", "Tyuiu.KomanichRM.Sprint5.Task1.V28.Lib\Tyuiu.KomanichRM.Sprint5.Task1.V28.Lib.csproj", "{75AEA46C-EE51-49F8-A285-B4F3DD7B387D}"
EndProject
Project("{FAE04EC0-301F-11D3-BF4B-00C04F79EFBC}") = "Tyuiu.KomanichRM.Sprint5.Task1.V28.Test", "Tyuiu.KomanichRM.Sprint5.Task1.V28.Test\Tyuiu.KomanichRM.Sprint5.Task1.V28.Test.csproj", "{FCC019C8-5642-43AB-B527-462EE470CB92}"
EndProject
Project("{2150E333-8FDC-42A3-9474-1A3956D46DE8}") = "Task2", "Task2", "{64858666-80DD-446C-BF88-DD257B012BFE}"
EndProject
Project("{FAE04EC0-301F-11D3-BF4B-00C04F79EFBC}") = "Tyuiu.KomanichRM.Sprint5.Task2.V17", "Tyuiu.KomanichRM.Sprint5.Task2.V17\Tyuiu.KomanichRM.Sprint5.Task2.V17.csproj", "{F464D751-B5B7-4BA5-A59D-CCC07FCEC7E9}"
EndProject
Project("{FAE04EC0-301F-11D3-BF4B-00C04F79EFBC}") = "Tyuiu.KomanichRM.Sprint5.Task2.V17.Lib", "Tyuiu.KomanichRM.Sprint5.Task2.V17.Lib\Tyuiu.KomanichRM.Sprint5.Task2.V17.Lib.csproj", "{9E58A2BA-7B03-4526-8A3F-F4A947A2DE48}"
EndProject
Project("{FAE04EC0-301F-11D3-BF4B-00C04F79EFBC}") = "Tyuiu.KomanichRM.Sprint5.Task2.V17.Test", "Tyuiu.KomanichRM.Sprint5.Task2.V17.Test\Tyuiu.KomanichRM.Sprint5.Task2.V17.Test.csproj", "{D13C7302-4F19-4D21-843D-9CE10DB8D589}"
EndProject
Global
	GlobalSection(SolutionConfigurationPlatforms) = preSolution
		Debug|Any CPU = Debug|Any CPU
		Release|Any CPU = Release|Any CPU
	EndGlobalSection
	GlobalSection(ProjectConfigurationPlatforms) = postSolution
		{6EA1B0B2-725C-4847-B958-AEA0858ADE20}.Debug|Any CPU.ActiveCfg = Debug|Any CPU
		{6EA1B0B2-725C-4847-B958-AEA0858ADE20}.Debug|Any CPU.Build.0 = Debug|Any CPU
		{6EA1B0B2-725C-4847-B958-AEA0858ADE20}.Release|Any CPU.ActiveCfg = Release|Any CPU
		{6EA1B0B2-725C-4847-B958-AEA0858ADE20}.Release|Any CPU.Build.0 = Release|Any CPU
		{10B75AEC-C8D1-49FD-B9BF-01A8E44DDA7C}.Debug|Any CPU.ActiveCfg = Debug|Any CPU
		{10B75AEC-C8D1-49FD-B9BF-01A8E44DDA7C}.Debug|Any CPU.Build.0 = Debug|Any CPU
		{10B75AEC-C8D1-49FD-B9BF-01A8E44DDA7C}.Release|Any CPU.ActiveCfg = Release|Any CPU
		{10B75AEC-C8D1-49FD-B9BF-01A8E44DDA7C}.Release|Any CPU.Build.0 = Release|Any CPU
		{D75902C4-F89B-445A-8CCD-AB06E2ACC51F}.Debug|Any CPU.ActiveCfg = Debug|Any CPU
		{D75902C4-F89B-445A-8CCD-AB06E2ACC51F}.Debug|Any CPU.Build.0 = Debug|Any CPU
		{D75902C4-F89B-445A-8CCD-AB06E2ACC51F}.Release|Any CPU.ActiveCfg = Release|Any CPU
		{D75902C4-F89B-445A-8CCD-AB06E2ACC51F}.Release|Any CPU.Build.0 = Release|Any CPU
		{EEDEAC18-8C07-4E97-AF3A-DDE2A40C4A20}.Debug|Any CPU.ActiveCfg = Debug|Any CPU
		{EEDEAC18-8C07-4E97-AF3A-DDE2A40C4A20}.Debug|Any CPU.Build.0 = Debug|Any CPU
		{EEDEAC18-8C07-4E97-AF3A-DDE2A40C4A20}.Release|Any CPU.ActiveCfg = Release|Any CPU
		{EEDEAC18-8C07-4E97-AF3A-DDE2A40C4A20}.Release|Any CPU.Build.0 = Release|Any CPU
		{75AEA46C-EE51-49F8-A285-B4F3DD7B387D}.Debug|Any CPU.ActiveCfg = Debug|Any CPU
		{75AEA46C-EE51-49F8-A285-B4F3DD7B387D}.Debug|Any CPU.Build.0 = Debug|Any CPU
		{75AEA46C-EE51-49F8-A285-B4F3DD7B387D}.Release|Any CPU.ActiveCfg = Release|Any CPU
		{75AEA46C-EE51-49F8-A285-B4F3DD7B387D}.Release|Any CPU.Build.0 = Release|Any CPU
		{FCC019C8-5642-43AB-B527-462EE470CB92}.Debug|Any CPU.ActiveCfg = Debug|Any CPU
		{FCC019C8-5642-43AB-B527-462EE470CB92}.Debug|Any CPU.Build.0 = Debug|Any CPU
		{FCC019C8-5642-43AB-B527-462EE470CB92}.Release|Any CPU.ActiveCfg = Release|Any CPU
		{FCC019C8-5642-43AB-B527-462EE470CB92}.Release|Any CPU.Build.0 = Release|Any CPU
		{F464D751-B5B7-4BA5-A59D-CCC07FCEC7E9}.Debug|Any CPU.ActiveCfg = Debug|Any CPU
		{F464D751-B5B7-4BA5-A59D-CCC07FCEC7E9}.Debug|Any CPU.Build.0 = Debug|Any CPU
		{F464D751-B5B7-4BA5-A59D-CCC07FCEC7E9}.Release|Any CPU.ActiveCfg = Release|Any CPU
		{F464D751-B5B7-4BA5-A59D-CCC07FCEC7E9}.Release|Any CPU.Build.0 = Release|Any CPU
		{9E58A2BA-7B03-4526-8A3F-F4A947A2DE48}.Debug|Any CPU.ActiveCfg = Debug|Any CPU
		{9E58A2BA-7B03-4526-8A3F-F4A947A2DE48}.Debug|Any CPU.Build.0 = Debug|Any CPU
		{9E58A2BA-7B03-4526-8A3F-F4A947A2DE48}.Release|Any CPU.ActiveCfg = Release|Any CPU
		{9E58A2BA-7B03-4526-8A3F-F4A947A2DE48}.Release|Any CPU.Build.0 = Release|Any CPU
		{D13C7302-4F19-4D21-843D-9CE10DB8D589}.Debug|Any CPU.ActiveCfg = Debug|Any CPU
		{D13C7302-4F19-4D21-843D-9CE10DB8D589}.Debug|Any CPU.Build.0 = Debug|Any CPU
		{D13C7302-4F19-4D21-843D-9CE10DB8D589}.Release|Any CPU.ActiveCfg = Release|Any CPU
		{D13C7302-4F19-4D21-843D-9CE10DB8D589}.Release|Any CPU.Build.0 = Release|Any CPU
	EndGlobalSection
	GlobalSection(SolutionProperties) = preSolution
		HideSolutionNode = FALSE
	EndGlobalSection
	GlobalSection(NestedProjects) = preSolution
		{6EA1B0B2-725C-4847-B958-AEA0858ADE20} = {BE7BE4F6-EF84-4DA6-8627-11B5824B91F3}
		{10B75AEC-C8D1-49FD-B9BF-01A8E44DDA7C} = {BE7BE4F6-EF84-4DA6-8627-11B5824B91F3}
		{D75902C4-F89B-445A-8CCD-AB06E2ACC51F} = {BE7BE4F6-EF84-4DA6-8627-11B5824B91F3}
		{EEDEAC18-8C07-4E97-AF3A-DDE2A40C4A20} = {3964463A-A9D9-4D98-9D1C-5059E1D32D46}
		{75AEA46C-EE51-49F8-A285-B4F3DD7B387D} = {3964463A-A9D9-4D98-9D1C-5059E1D32D46}
		{FCC019C8-5642-43AB-B527-462EE470CB92} = {3964463A-A9D9-4D98-9D1C-5059E1D32D46}
		{F464D751-B5B7-4BA5-A59D-CCC07FCEC7E9} = {64858666-80DD-446C-BF88-DD257B012BFE}
		{9E58A2BA-7B03-4526-8A3F-F4A947A2DE48} = {64858666-80DD-446C-BF88-DD257B012BFE}
		{D13C7302-4F19-4D21-843D-9CE10DB8D589} = {64858666-80DD-446C-BF88-DD257B012BFE}
	EndGlobalSection
	GlobalSection(ExtensibilityGlobals) = postSolution
		SolutionGuid = {571FF8C2-572E-4D5C-8093-4E3219FC7FDD}
	EndGlobalSection
EndGlobal
